// !$*UTF8*$!
{
	archiveVersion = 1;
	classes = {
	};
	objectVersion = 46;
	objects = {

/* Begin PBXBuildFile section */
		736903231D82A83A00E7E086 /* AppDelegate.swift in Sources */ = {isa = PBXBuildFile; fileRef = 736903221D82A83A00E7E086 /* AppDelegate.swift */; };
		736903251D82A83A00E7E086 /* ViewController.swift in Sources */ = {isa = PBXBuildFile; fileRef = 736903241D82A83A00E7E086 /* ViewController.swift */; };
		736903281D82A83A00E7E086 /* Main.storyboard in Resources */ = {isa = PBXBuildFile; fileRef = 736903261D82A83A00E7E086 /* Main.storyboard */; };
		7369032A1D82A83A00E7E086 /* Assets.xcassets in Resources */ = {isa = PBXBuildFile; fileRef = 736903291D82A83A00E7E086 /* Assets.xcassets */; };
		7369032D1D82A83A00E7E086 /* LaunchScreen.storyboard in Resources */ = {isa = PBXBuildFile; fileRef = 7369032B1D82A83A00E7E086 /* LaunchScreen.storyboard */; };
/* End PBXBuildFile section */

/* Begin PBXFileReference section */
		7369031F1D82A83A00E7E086 /* Swift - 地图的基本使用.app */ = {isa = PBXFileReference; explicitFileType = wrapper.application; includeInIndex = 0; path = "Swift - 地图的基本使用.app"; sourceTree = BUILT_PRODUCTS_DIR; };
		736903221D82A83A00E7E086 /* AppDelegate.swift */ = {isa = PBXFileReference; lastKnownFileType = sourcecode.swift; path = AppDelegate.swift; sourceTree = "<group>"; };
		736903241D82A83A00E7E086 /* ViewController.swift */ = {isa = PBXFileReference; lastKnownFileType = sourcecode.swift; path = ViewController.swift; sourceTree = "<group>"; };
		736903271D82A83A00E7E086 /* Base */ = {isa = PBXFileReference; lastKnownFileType = file.storyboard; name = Base; path = Base.lproj/Main.storyboard; sourceTree = "<group>"; };
		736903291D82A83A00E7E086 /* Assets.xcassets */ = {isa = PBXFileReference; lastKnownFileType = folder.assetcatalog; path = Assets.xcassets; sourceTree = "<group>"; };
		7369032C1D82A83A00E7E086 /* Base */ = {isa = PBXFileReference; lastKnownFileType = file.storyboard; name = Base; path = Base.lproj/LaunchScreen.storyboard; sourceTree = "<group>"; };
		7369032E1D82A83A00E7E086 /* Info.plist */ = {isa = PBXFileReference; lastKnownFileType = text.plist.xml; path = Info.plist; sourceTree = "<group>"; };
/* End PBXFileReference section */

/* Begin PBXFrameworksBuildPhase section */
		7369031C1D82A83A00E7E086 /* Frameworks */ = {
			isa = PBXFrameworksBuildPhase;
			buildActionMask = 2147483647;
			files = (
			);
			runOnlyForDeploymentPostprocessing = 0;
		};
/* End PBXFrameworksBuildPhase section */

/* Begin PBXGroup section */
		736903161D82A83A00E7E086 = {
			isa = PBXGroup;
			children = (
				736903211D82A83A00E7E086 /* Swift - 地图的基本使用 */,
				736903201D82A83A00E7E086 /* Products */,
			);
			sourceTree = "<group>";
		};
		736903201D82A83A00E7E086 /* Products */ = {
			isa = PBXGroup;
			children = (
				7369031F1D82A83A00E7E086 /* Swift - 地图的基本使用.app */,
			);
			name = Products;
			sourceTree = "<group>";
		};
		736903211D82A83A00E7E086 /* Swift - 地图的基本使用 */ = {
			isa = PBXGroup;
			children = (
				736903221D82A83A00E7E086 /* AppDelegate.swift */,
				736903241D82A83A00E7E086 /* ViewController.swift */,
				736903261D82A83A00E7E086 /* Main.storyboard */,
				736903291D82A83A00E7E086 /* Assets.xcassets */,
				7369032B1D82A83A00E7E086 /* LaunchScreen.storyboard */,
				7369032E1D82A83A00E7E086 /* Info.plist */,
			);
			path = "Swift - 地图的基本使用";
			sourceTree = "<group>";
		};
/* End PBXGroup section */

/* Begin PBXNativeTarget section */
		7369031E1D82A83A00E7E086 /* Swift - 地图的基本使用 */ = {
			isa = PBXNativeTarget;
			buildConfigurationList = 736903311D82A83A00E7E086 /* Build configuration list for PBXNativeTarget "Swift - 地图的基本使用" */;
			buildPhases = (
				7369031B1D82A83A00E7E086 /* Sources */,
				7369031C1D82A83A00E7E086 /* Frameworks */,
				7369031D1D82A83A00E7E086 /* Resources */,
			);
			buildRules = (
			);
			dependencies = (
			);
			name = "Swift - 地图的基本使用";
			productName = "Swift - 地图的基本使用";
			productReference = 7369031F1D82A83A00E7E086 /* Swift - 地图的基本使用.app */;
			productType = "com.apple.product-type.application";
		};
/* End PBXNativeTarget section */

/* Begin PBXProject section */
		736903171D82A83A00E7E086 /* Project object */ = {
			isa = PBXProject;
			attributes = {
				LastSwiftUpdateCheck = 0730;
				LastUpgradeCheck = 0800;
				ORGANIZATIONNAME = Loto;
				TargetAttributes = {
					7369031E1D82A83A00E7E086 = {
						CreatedOnToolsVersion = 7.3.1;
						DevelopmentTeam = WW7QRAPE95;
						LastSwiftMigration = 0800;
					};
				};
			};
			buildConfigurationList = 7369031A1D82A83A00E7E086 /* Build configuration list for PBXProject "Swift - 地图的基本使用" */;
			compatibilityVersion = "Xcode 3.2";
			developmentRegion = English;
			hasScannedForEncodings = 0;
			knownRegions = (
				en,
				Base,
			);
			mainGroup = 736903161D82A83A00E7E086;
			productRefGroup = 736903201D82A83A00E7E086 /* Products */;
			projectDirPath = "";
			projectRoot = "";
			targets = (
				7369031E1D82A83A00E7E086 /* Swift - 地图的基本使用 */,
			);
		};
/* End PBXProject section */

/* Begin PBXResourcesBuildPhase section */
		7369031D1D82A83A00E7E086 /* Resources */ = {
			isa = PBXResourcesBuildPhase;
			buildActionMask = 2147483647;
			files = (
				7369032D1D82A83A00E7E086 /* LaunchScreen.storyboard in Resources */,
				7369032A1D82A83A00E7E086 /* Assets.xcassets in Resources */,
				736903281D82A83A00E7E086 /* Main.storyboard in Resources */,
			);
			runOnlyForDeploymentPostprocessing = 0;
		};
/* End PBXResourcesBuildPhase section */

/* Begin PBXSourcesBuildPhase section */
		7369031B1D82A83A00E7E086 /* Sources */ = {
			isa = PBXSourcesBuildPhase;
			buildActionMask = 2147483647;
			files = (
				736903251D82A83A00E7E086 /* ViewController.swift in Sources */,
				736903231D82A83A00E7E086 /* AppDelegate.swift in Sources */,
			);
			runOnlyForDeploymentPostprocessing = 0;
		};
/* End PBXSourcesBuildPhase section */

/* Begin PBXVariantGroup section */
		736903261D82A83A00E7E086 /* Main.storyboard */ = {
			isa = PBXVariantGroup;
			children = (
				736903271D82A83A00E7E086 /* Base */,
			);
			name = Main.storyboard;
			sourceTree = "<group>";
		};
		7369032B1D82A83A00E7E086 /* LaunchScreen.storyboard */ = {
			isa = PBXVariantGroup;
			children = (
				7369032C1D82A83A00E7E086 /* Base */,
			);
			name = LaunchScreen.storyboard;
			sourceTree = "<group>";
		};
/* End PBXVariantGroup section */

/* Begin XCBuildConfiguration section */
		7369032F1D82A83A00E7E086 /* Debug */ = {
			isa = XCBuildConfiguration;
			buildSettings = {
				ALWAYS_SEARCH_USER_PATHS = NO;
				CLANG_ANALYZER_NONNULL = YES;
				CLANG_CXX_LANGUAGE_STANDARD = "gnu++0x";
				CLANG_CXX_LIBRARY = "libc++";
				CLANG_ENABLE_MODULES = YES;
				CLANG_ENABLE_OBJC_ARC = YES;
				CLANG_WARN_BOOL_CONVERSION = YES;
				CLANG_WARN_CONSTANT_CONVERSION = YES;
				CLANG_WARN_DIRECT_OBJC_ISA_USAGE = YES_ERROR;
				CLANG_WARN_EMPTY_BODY = YES;
				CLANG_WARN_ENUM_CONVERSION = YES;
				CLANG_WARN_INFINITE_RECURSION = YES;
				CLANG_WARN_INT_CONVERSION = YES;
				CLANG_WARN_OBJC_ROOT_CLASS = YES_ERROR;
				CLANG_WARN_SUSPICIOUS_MOVE = YES;
				CLANG_WARN_UNREACHABLE_CODE = YES;
				CLANG_WARN__DUPLICATE_METHOD_MATCH = YES;
				"CODE_SIGN_IDENTITY[sdk=iphoneos*]" = "iPhone Developer";
				COPY_PHASE_STRIP = NO;
				DEBUG_INFORMATION_FORMAT = dwarf;
				ENABLE_STRICT_OBJC_MSGSEND = YES;
				ENABLE_TESTABILITY = YES;
				GCC_C_LANGUAGE_STANDARD = gnu99;
				GCC_DYNAMIC_NO_PIC = NO;
				GCC_NO_COMMON_BLOCKS = YES;
				GCC_OPTIMIZATION_LEVEL = 0;
				GCC_PREPROCESSOR_DEFINITIONS = (
					"DEBUG=1",
					"$(inherited)",
				);
				GCC_WARN_64_TO_32_BIT_CONVERSION = YES;
				GCC_WARN_ABOUT_RETURN_TYPE = YES_ERROR;
				GCC_WARN_UNDECLARED_SELECTOR = YES;
				GCC_WARN_UNINITIALIZED_AUTOS = YES_AGGRESSIVE;
				GCC_WARN_UNUSED_FUNCTION = YES;
				GCC_WARN_UNUSED_VARIABLE = YES;
				IPHONEOS_DEPLOYMENT_TARGET = 9.3;
				MTL_ENABLE_DEBUG_INFO = YES;
				ONLY_ACTIVE_ARCH = YES;
				SDKROOT = iphoneos;
				SWIFT_OPTIMIZATION_LEVEL = "-Onone";
			};
			name = Debug;
		};
		736903301D82A83A00E7E086 /* Release */ = {
			isa = XCBuildConfiguration;
			buildSettings = {
				ALWAYS_SEARCH_USER_PATHS = NO;
				CLANG_ANALYZER_NONNULL = YES;
				CLANG_CXX_LANGUAGE_STANDARD = "gnu++0x";
				CLANG_CXX_LIBRARY = "libc++";
				CLANG_ENABLE_MODULES = YES;
				CLANG_ENABLE_OBJC_ARC = YES;
				CLANG_WARN_BOOL_CONVERSION = YES;
				CLANG_WARN_CONSTANT_CONVERSION = YES;
				CLANG_WARN_DIRECT_OBJC_ISA_USAGE = YES_ERROR;
				CLANG_WARN_EMPTY_BODY = YES;
				CLANG_WARN_ENUM_CONVERSION = YES;
				CLANG_WARN_INFINITE_RECURSION = YES;
				CLANG_WARN_INT_CONVERSION = YES;
				CLANG_WARN_OBJC_ROOT_CLASS = YES_ERROR;
				CLANG_WARN_SUSPICIOUS_MOVE = YES;
				CLANG_WARN_UNREACHABLE_CODE = YES;
				CLANG_WARN__DUPLICATE_METHOD_MATCH = YES;
				"CODE_SIGN_IDENTITY[sdk=iphoneos*]" = "iPhone Developer";
				COPY_PHASE_STRIP = NO;
				DEBUG_INFORMATION_FORMAT = "dwarf-with-dsym";
				ENABLE_NS_ASSERTIONS = NO;
				ENABLE_STRICT_OBJC_MSGSEND = YES;
				GCC_C_LANGUAGE_STANDARD = gnu99;
				GCC_NO_COMMON_BLOCKS = YES;
				GCC_WARN_64_TO_32_BIT_CONVERSION = YES;
				GCC_WARN_ABOUT_RETURN_TYPE = YES_ERROR;
				GCC_WARN_UNDECLARED_SELECTOR = YES;
				GCC_WARN_UNINITIALIZED_AUTOS = YES_AGGRESSIVE;
				GCC_WARN_UNUSED_FUNCTION = YES;
				GCC_WARN_UNUSED_VARIABLE = YES;
				IPHONEOS_DEPLOYMENT_TARGET = 9.3;
				MTL_ENABLE_DEBUG_INFO = NO;
				SDKROOT = iphoneos;
				SWIFT_OPTIMIZATION_LEVEL = "-Owholemodule";
				VALIDATE_PRODUCT = YES;
			};
			name = Release;
		};
		736903321D82A83A00E7E086 /* Debug */ = {
			isa = XCBuildConfiguration;
			buildSettings = {
				ASSETCATALOG_COMPILER_APPICON_NAME = AppIcon;
				INFOPLIST_FILE = "Swift - 地图的基本使用/Info.plist";
				IPHONEOS_DEPLOYMENT_TARGET = 8.0;
				LD_RUNPATH_SEARCH_PATHS = "$(inherited) @executable_path/Frameworks";
				PRODUCT_BUNDLE_IDENTIFIER = "TD.Swift----------";
				PRODUCT_NAME = "$(TARGET_NAME)";
				SWIFT_VERSION = 3.0;
			};
			name = Debug;
		};
		736903331D82A83A00E7E086 /* Release */ = {
			isa = XCBuildConfiguration;
			buildSettings = {
				ASSETCATALOG_COMPILER_APPICON_NAME = AppIcon;
				INFOPLIST_FILE = "Swift - 地图的基本使用/Info.plist";
				IPHONEOS_DEPLOYMENT_TARGET = 8.0;
				LD_RUNPATH_SEARCH_PATHS = "$(inherited) @executable_path/Frameworks";
				PRODUCT_BUNDLE_IDENTIFIER = "TD.Swift----------";
				PRODUCT_NAME = "$(TARGET_NAME)";
				SWIFT_VERSION = 3.0;
			};
			name = Release;
		};
/* End XCBuildConfiguration section */

/* Begin XCConfigurationList section */
		7369031A1D82A83A00E7E086 /* Build configuration list for PBXProject "Swift - 地图的基本使用" */ = {
			isa = XCConfigurationList;
			buildConfigurations = (
				7369032F1D82A83A00E7E086 /* Debug */,
				736903301D82A83A00E7E086 /* Release */,
			);
			defaultConfigurationIsVisible = 0;
			defaultConfigurationName = Release;
		};
		736903311D82A83A00E7E086 /* Build configuration list for PBXNativeTarget "Swift - 地图的基本使用" */ = {
			isa = XCConfigurationList;
			buildConfigurations = (
				736903321D82A83A00E7E086 /* Debug */,
				736903331D82A83A00E7E086 /* Release */,
			);
			defaultConfigurationIsVisible = 0;
			defaultConfigurationName = Release;
		};
/* End XCConfigurationList section */
	};
	rootObject = 736903171D82A83A00E7E086 /* Project object */;
}
